
Microsoft Visual Studio Solution File, Format Version 12.00
# Visual Studio Version 16
VisualStudioVersion = 16.0.30114.105
MinimumVisualStudioVersion = 10.0.40219.1
Project("{FAE04EC0-301F-11D3-BF4B-00C04F79EFBC}") = "InfraestructureLayer", "InfraestructureLayer\InfraestructureLayer.csproj", "{3DF19E63-D39F-4D7A-BFA3-F04F1A0A7163}"
EndProject
Project("{FAE04EC0-301F-11D3-BF4B-00C04F79EFBC}") = "ApplicationCoreLayer", "ApplicationCoreLayer\ApplicationCoreLayer.csproj", "{1B52DAA1-3D4C-4D0A-A5CD-23B8A35A527E}"
EndProject
Project("{FAE04EC0-301F-11D3-BF4B-00C04F79EFBC}") = "DomainLayer", "DomainLayer\DomainLayer.csproj", "{437130B8-F5C6-4CAC-A98F-E5441914265E}"
EndProject
Project("{FAE04EC0-301F-11D3-BF4B-00C04F79EFBC}") = "WebApi", "WebApi\WebApi.csproj", "{7DCC8A39-29A5-4F99-91AC-5F33E8F95774}"
EndProject
Global
	GlobalSection(SolutionConfigurationPlatforms) = preSolution
		Debug|Any CPU = Debug|Any CPU
		Release|Any CPU = Release|Any CPU
	EndGlobalSection
	GlobalSection(SolutionProperties) = preSolution
		HideSolutionNode = FALSE
	EndGlobalSection
	GlobalSection(ProjectConfigurationPlatforms) = postSolution
		{3DF19E63-D39F-4D7A-BFA3-F04F1A0A7163}.Debug|Any CPU.ActiveCfg = Debug|Any CPU
		{3DF19E63-D39F-4D7A-BFA3-F04F1A0A7163}.Debug|Any CPU.Build.0 = Debug|Any CPU
		{3DF19E63-D39F-4D7A-BFA3-F04F1A0A7163}.Release|Any CPU.ActiveCfg = Release|Any CPU
		{3DF19E63-D39F-4D7A-BFA3-F04F1A0A7163}.Release|Any CPU.Build.0 = Release|Any CPU
		{1B52DAA1-3D4C-4D0A-A5CD-23B8A35A527E}.Debug|Any CPU.ActiveCfg = Debug|Any CPU
		{1B52DAA1-3D4C-4D0A-A5CD-23B8A35A527E}.Debug|Any CPU.Build.0 = Debug|Any CPU
		{1B52DAA1-3D4C-4D0A-A5CD-23B8A35A527E}.Release|Any CPU.ActiveCfg = Release|Any CPU
		{1B52DAA1-3D4C-4D0A-A5CD-23B8A35A527E}.Release|Any CPU.Build.0 = Release|Any CPU
		{437130B8-F5C6-4CAC-A98F-E5441914265E}.Debug|Any CPU.ActiveCfg = Debug|Any CPU
		{437130B8-F5C6-4CAC-A98F-E5441914265E}.Debug|Any CPU.Build.0 = Debug|Any CPU
		{437130B8-F5C6-4CAC-A98F-E5441914265E}.Release|Any CPU.ActiveCfg = Release|Any CPU
		{437130B8-F5C6-4CAC-A98F-E5441914265E}.Release|Any CPU.Build.0 = Release|Any CPU
		{7DCC8A39-29A5-4F99-91AC-5F33E8F95774}.Debug|Any CPU.ActiveCfg = Debug|Any CPU
		{7DCC8A39-29A5-4F99-91AC-5F33E8F95774}.Debug|Any CPU.Build.0 = Debug|Any CPU
		{7DCC8A39-29A5-4F99-91AC-5F33E8F95774}.Release|Any CPU.ActiveCfg = Release|Any CPU
		{7DCC8A39-29A5-4F99-91AC-5F33E8F95774}.Release|Any CPU.Build.0 = Release|Any CPU
	EndGlobalSection
EndGlobal
